
Microsoft Visual Studio Solution File, Format Version 12.00
# Visual Studio 15
Project("{FAE04EC0-301F-11D3-BF4B-00C04F79EFBC}") = "Assembly-CSharp", "Assembly-CSharp.csproj", "{23C34B0A-693B-15BE-2B86-2A27C2B94218}"
EndProject
Global
	GlobalSection(SolutionConfigurationPlatforms) = preSolution
		Debug|Any CPU = Debug|Any CPU
		Release|Any CPU = Release|Any CPU
	EndGlobalSection
	GlobalSection(ProjectConfigurationPlatforms) = postSolution
		{23C34B0A-693B-15BE-2B86-2A27C2B94218}.Debug|Any CPU.ActiveCfg = Debug|Any CPU
		{23C34B0A-693B-15BE-2B86-2A27C2B94218}.Debug|Any CPU.Build.0 = Debug|Any CPU
		{23C34B0A-693B-15BE-2B86-2A27C2B94218}.Release|Any CPU.ActiveCfg = Release|Any CPU
		{23C34B0A-693B-15BE-2B86-2A27C2B94218}.Release|Any CPU.Build.0 = Release|Any CPU
	EndGlobalSection
	GlobalSection(SolutionProperties) = preSolution
		HideSolutionNode = FALSE
	EndGlobalSection
EndGlobal
